
Microsoft Visual Studio Solution File, Format Version 12.00
# Visual Studio Version 17
VisualStudioVersion = 17.5.33516.290
MinimumVisualStudioVersion = 10.0.40219.1
Project("{FAE04EC0-301F-11D3-BF4B-00C04F79EFBC}") = "CodexSharp", "CodexSharp\CodexSharp.csproj", "{CC7A836E-C3C8-42FD-93FD-05081E18B5F6}"
EndProject
Global
	GlobalSection(SolutionConfigurationPlatforms) = preSolution
		Debug|Any CPU = Debug|Any CPU
		Release|Any CPU = Release|Any CPU
	EndGlobalSection
	GlobalSection(ProjectConfigurationPlatforms) = postSolution
		{CC7A836E-C3C8-42FD-93FD-05081E18B5F6}.Debug|Any CPU.ActiveCfg = Debug|Any CPU
		{CC7A836E-C3C8-42FD-93FD-05081E18B5F6}.Debug|Any CPU.Build.0 = Debug|Any CPU
		{CC7A836E-C3C8-42FD-93FD-05081E18B5F6}.Release|Any CPU.ActiveCfg = Release|Any CPU
		{CC7A836E-C3C8-42FD-93FD-05081E18B5F6}.Release|Any CPU.Build.0 = Release|Any CPU
	EndGlobalSection
	GlobalSection(SolutionProperties) = preSolution
		HideSolutionNode = FALSE
	EndGlobalSection
	GlobalSection(ExtensibilityGlobals) = postSolution
		SolutionGuid = {81D90175-4640-41EF-A4C6-F5A4D76E9131}
	EndGlobalSection
EndGlobal
